version = 1
requires-python = ">=3.13"

[[package]]
name = "annotated-types"
version = "0.7.0"
source = { registry = "https://pypi.org/simple" }
sdist = { url = "https://files.pythonhosted.org/packages/ee/67/531ea369ba64dcff5ec9c3402f9f51bf748cec26dde048a2f973a4eea7f5/annotated_types-0.7.0.tar.gz", hash = "sha256:aff07c09a53a08bc8cfccb9c85b05f1aa9a2a6f23728d790723543408344ce89", size = 16081 }
wheels = [
    { url = "https://files.pythonhosted.org/packages/78/b6/6307fbef88d9b5ee7421e68d78a9f162e0da4900bc5f5793f6d3d0e34fb8/annotated_types-0.7.0-py3-none-any.whl", hash = "sha256:1f02e8b43a8fbbc3f3e0d4f0f4bfc8131bcb4eebe8849b8e5c773f3a1c582a53", size = 13643 },
]

[[package]]
name = "bitarray"
version = "3.3.0"
source = { registry = "https://pypi.org/simple" }
sdist = { url = "https://files.pythonhosted.org/packages/93/34/ce4e18fb096083b9e1b9d0ac5750aecc8ba2e8047b3096b9ee1c52b72ae6/bitarray-3.3.0.tar.gz", hash = "sha256:044909ce63b77adf5739de40e2f621473453e9d4bdb913ef2d14c185a4532ce7", size = 138729 }
wheels = [
    { url = "https://files.pythonhosted.org/packages/a7/25/8424f76d9bcc8cb94faf3037cff874ad04e5bce5555cd974371a0a3e3f08/bitarray-3.3.0-cp313-cp313-macosx_10_13_x86_64.whl", hash = "sha256:d6fa29c8b47eaee2efbc705825f9ec6aa6540e926639776ed83116f7b4678c0e", size = 136925 },
    { url = "https://files.pythonhosted.org/packages/47/6e/7192989bb0e815bd285c71f7779df048241859db9be3e8e05d83e25e72dc/bitarray-3.3.0-cp313-cp313-macosx_11_0_arm64.whl", hash = "sha256:daba653f79735efbe8a8e1e921dc0b4c8bd4fa3b8d01f4b7d3fc247dd26d7878", size = 133899 },
    { url = "https://files.pythonhosted.org/packages/fc/85/e963a4e5107d2aa4f3375d9ae1e00cebe7ab9eef74fb0d3e60091dff7658/bitarray-3.3.0-cp313-cp313-manylinux_2_17_aarch64.manylinux2014_aarch64.whl", hash = "sha256:b5ae6d3e15ed28be993b0556dc3ab04c4363c7f647bcfb76bfbf18cdd148c285", size = 307958 },
    { url = "https://files.pythonhosted.org/packages/dc/e7/791dd45f7b4985b9ecf7268e66cf72d0b913ee49a70f74fa87bc735b11d9/bitarray-3.3.0-cp313-cp313-manylinux_2_17_ppc64le.manylinux2014_ppc64le.whl", hash = "sha256:1bd6ba5ea4a9eb8ff5dc413c78c85894aec26c96a976d710b5cf01779ba9c8a8", size = 322047 },
    { url = "https://files.pythonhosted.org/packages/c4/88/5db075567ef8452ca78848d092215d1e3c7419b2d8a39b790d3d9380d62b/bitarray-3.3.0-cp313-cp313-manylinux_2_17_s390x.manylinux2014_s390x.whl", hash = "sha256:083c8205d980b4288826fff62e7bc5cfcc401c719c93c7cc450b031bd3f8bcef", size = 323903 },
    { url = "https://files.pythonhosted.org/packages/69/83/9a628470f6baf8e9adbd558fc886eaffb05e295ae65ab6c9045ea759aa89/bitarray-3.3.0-cp313-cp313-manylinux_2_17_x86_64.manylinux2014_x86_64.whl", hash = "sha256:77afea3cb010f4b9e97da0a666b6a825540e06878476324f2c7e3532f0ebd56d", size = 308268 },
    { url = "https://files.pythonhosted.org/packages/c7/10/86920751ee3a1d8c59cb8a4700621ea2678c8084d9b5de47ef140dac434f/bitarray-3.3.0-cp313-cp313-manylinux_2_5_i686.manylinux1_i686.manylinux_2_17_i686.manylinux2014_i686.whl", hash = "sha256:7e1d12cbd132df174aaa50fbcb2b790915ce77a1693d777a7b768d7d64b9180f", size = 296521 },
    { url = "https://files.pythonhosted.org/packages/47/89/1dd5ab063252754ec8735bb324b1777b56618e13c02a58cbfe1f29c0fd7c/bitarray-3.3.0-cp313-cp313-musllinux_1_2_aarch64.whl", hash = "sha256:26ca7a3fba83298865384bd0551e1d81eed96fe2f9077395c43d390a10aadc30", size = 301691 },
    { url = "https://files.pythonhosted.org/packages/ea/a9/74ce706d1205e2dd6d692447c6d6aa1fa67853be91c82399e36b6e64fd10/bitarray-3.3.0-cp313-cp313-musllinux_1_2_i686.whl", hash = "sha256:25f7a5781d51bd22b0c2412dabc9f2e5fd24e0503900fd8aeebb9c2549442d74", size = 293208 },
    { url = "https://files.pythonhosted.org/packages/29/c5/3a256be30ae175ba67f76e7d35b0a703a6cc6f1cd969eb480a864e759d28/bitarray-3.3.0-cp313-cp313-musllinux_1_2_ppc64le.whl", hash = "sha256:f81b6c8420d1f8221953031b26a808dcb23220b5a83b2ac5d51f607b7e4fd45c", size = 316886 },
    { url = "https://files.pythonhosted.org/packages/6d/00/7c28cd07f38f668d2a4ca079fff1963acefe5871a45ec404f719bcd99590/bitarray-3.3.0-cp313-cp313-musllinux_1_2_s390x.whl", hash = "sha256:d672de25e5eba99cd5d8a606860b7a3dc958c3b00a719ecd90be8a63ac12d32d", size = 329129 },
    { url = "https://files.pythonhosted.org/packages/0b/62/7c4aaafcee6ce0de33d0d827de66418e28b78077ee703ebc080e66b90b0d/bitarray-3.3.0-cp313-cp313-musllinux_1_2_x86_64.whl", hash = "sha256:dc60f283ea4b450985b56c821ec798a3e1107730f73802f71657be8ead63c148", size = 300665 },
    { url = "https://files.pythonhosted.org/packages/98/ad/d3bbe4233b875ec489b22981f36af3d49f688e1ee748a9535147ecbcb2b9/bitarray-3.3.0-cp313-cp313-win32.whl", hash = "sha256:88bceb0af0c9ce1a6ed30fe57c8ad5d86bca431bba97af81b5a032fd8dd87807", size = 130366 },
    { url = "https://files.pythonhosted.org/packages/4c/b2/f41f26cb7b42c6f13f2fed85287845f8fc8fddbb56157cc730c9a1e0bdd3/bitarray-3.3.0-cp313-cp313-win_amd64.whl", hash = "sha256:5a72c3c1b0095213b13bdb478c9de0d85588d19a314252c0f6f0ced0e992abd9", size = 137251 },
]

[[package]]
name = "ckzg"
version = "2.1.1"
source = { registry = "https://pypi.org/simple" }
sdist = { url = "https://files.pythonhosted.org/packages/55/df/f6db8e83bd4594c1ea685cd37fb81d5399e55765aae16d1a8a9502598f4e/ckzg-2.1.1.tar.gz", hash = "sha256:d6b306b7ec93a24e4346aa53d07f7f75053bc0afc7398e35fa649e5f9d48fcc4", size = 1120500 }
wheels = [
    { url = "https://files.pythonhosted.org/packages/b7/9a/fa698b12e97452d11dd314e0335aae759725284ef6e1c1665aed56b1cd3e/ckzg-2.1.1-cp313-cp313-macosx_10_13_x86_64.whl", hash = "sha256:7e4edfdaf87825ff43b9885fabfdea408737a714f4ce5467100d9d1d0a03b673", size = 116426 },
    { url = "https://files.pythonhosted.org/packages/a1/a6/8cccd308bd11b49b40eecad6900b5769da117951cac33e880dd25e851ef7/ckzg-2.1.1-cp313-cp313-macosx_11_0_arm64.whl", hash = "sha256:815fd2a87d6d6c57d669fda30c150bc9bf387d47e67d84535aa42b909fdc28ea", size = 100219 },
    { url = "https://files.pythonhosted.org/packages/30/0e/63573d816c1292b9a4d70eb6a7366b3593d29a977794039e926805a76ca0/ckzg-2.1.1-cp313-cp313-manylinux_2_12_i686.manylinux2010_i686.manylinux_2_17_i686.manylinux2014_i686.whl", hash = "sha256:c32466e809b1ab3ff01d3b0bb0b9912f61dcf72957885615595f75e3f7cc10e5", size = 175725 },
    { url = "https://files.pythonhosted.org/packages/86/f6/a279609516695ad3fb8b201098c669ba3b2844cbf4fa0d83a0f02b9bb29b/ckzg-2.1.1-cp313-cp313-manylinux_2_17_aarch64.manylinux2014_aarch64.whl", hash = "sha256:f11b73ccf37b12993f39a7dbace159c6d580aacacde6ee17282848476550ddbc", size = 161835 },
    { url = "https://files.pythonhosted.org/packages/39/e4/8cf7aef7dc05a777cb221e94046f947c6fe5317159a8dae2cd7090d52ef2/ckzg-2.1.1-cp313-cp313-manylinux_2_17_x86_64.manylinux2014_x86_64.whl", hash = "sha256:de3b9433a1f2604bd9ac1646d3c83ad84a850d454d3ac589fe8e70c94b38a6b0", size = 170759 },
    { url = "https://files.pythonhosted.org/packages/0b/17/b34e3c08eb36bc67e338b114f289b2595e581b8bdc09a8f12299a1db5d2f/ckzg-2.1.1-cp313-cp313-musllinux_1_2_aarch64.whl", hash = "sha256:b7d7e1b5ea06234558cd95c483666fd785a629b720a7f1622b3cbffebdc62033", size = 173787 },
    { url = "https://files.pythonhosted.org/packages/2e/f0/aff87c3ed80713453cb6c84fe6fbb7582d86a7a5e4460fda2a497d47f489/ckzg-2.1.1-cp313-cp313-musllinux_1_2_i686.whl", hash = "sha256:9f5556e6675866040cc4335907be6c537051e7f668da289fa660fdd8a30c9ddb", size = 188722 },
    { url = "https://files.pythonhosted.org/packages/44/d9/1f08bfb8fd1cbb8c7513e7ad3fb76bbb5c3fb446238c1eba582276e4d905/ckzg-2.1.1-cp313-cp313-musllinux_1_2_x86_64.whl", hash = "sha256:55b2ba30c5c9daac0c55f1aac851f1b7bf1f7aa0028c2db4440e963dd5b866d6", size = 183686 },
    { url = "https://files.pythonhosted.org/packages/a3/ff/434f6d2893cbdfad00c20d17e9a52d426ca042f5e980d5c3db96bc6b6e15/ckzg-2.1.1-cp313-cp313-win_amd64.whl", hash = "sha256:10d201601fc8f28c0e8cec3406676797024dd374c367bbeec5a7a9eac9147237", size = 98817 },
]

[[package]]
name = "cytoolz"
version = "1.0.1"
source = { registry = "https://pypi.org/simple" }
dependencies = [
    { name = "toolz" },
]
sdist = { url = "https://files.pythonhosted.org/packages/a7/f9/3243eed3a6545c2a33a21f74f655e3fcb5d2192613cd3db81a93369eb339/cytoolz-1.0.1.tar.gz", hash = "sha256:89cc3161b89e1bb3ed7636f74ed2e55984fd35516904fc878cae216e42b2c7d6", size = 626652 }
wheels = [
    { url = "https://files.pythonhosted.org/packages/aa/2e/a9f069db0107749e9e72baf6c21abe3f006841a3bcfdc9b8420e22ef31eb/cytoolz-1.0.1-cp313-cp313-macosx_10_13_x86_64.whl", hash = "sha256:6944bb93b287032a4c5ca6879b69bcd07df46f3079cf8393958cf0b0454f50c0", size = 407365 },
    { url = "https://files.pythonhosted.org/packages/a9/9b/5e87dd0e31f54c778b4f9f34cc14c1162d3096c8d746b0f8be97d70dd73c/cytoolz-1.0.1-cp313-cp313-macosx_11_0_arm64.whl", hash = "sha256:e027260fd2fc5cb041277158ac294fc13dca640714527219f702fb459a59823a", size = 385233 },
    { url = "https://files.pythonhosted.org/packages/63/00/2fd32b16284cdb97cfe092822179bc0c3bcdd5e927dd39f986169a517642/cytoolz-1.0.1-cp313-cp313-manylinux_2_17_aarch64.manylinux2014_aarch64.whl", hash = "sha256:88662c0e07250d26f5af9bc95911e6137e124a5c1ec2ce4a5d74de96718ab242", size = 2062903 },
    { url = "https://files.pythonhosted.org/packages/85/39/b3cbb5a9847ba59584a263772ad4f8ca2dbfd2a0e11efd09211d1219804c/cytoolz-1.0.1-cp313-cp313-manylinux_2_17_ppc64le.manylinux2014_ppc64le.whl", hash = "sha256:309dffa78b0961b4c0cf55674b828fbbc793cf2d816277a5c8293c0c16155296", size = 2139517 },
    { url = "https://files.pythonhosted.org/packages/ea/39/bfcab4a46d50c467e36fe704f19d8904efead417787806ee210327f68390/cytoolz-1.0.1-cp313-cp313-manylinux_2_17_s390x.manylinux2014_s390x.whl", hash = "sha256:edb34246e6eb40343c5860fc51b24937698e4fa1ee415917a73ad772a9a1746b", size = 2154849 },
    { url = "https://files.pythonhosted.org/packages/fd/42/3bc6ee61b0aa47e1cb40819adc1a456d7efa809f0dea9faddacb43fdde8f/cytoolz-1.0.1-cp313-cp313-manylinux_2_17_x86_64.manylinux2014_x86_64.whl", hash = "sha256:0a54da7a8e4348a18d45d4d5bc84af6c716d7f131113a4f1cc45569d37edff1b", size = 2102302 },
    { url = "https://files.pythonhosted.org/packages/00/66/3f636c6ddea7b18026b90a8c238af472e423b86e427b11df02213689b012/cytoolz-1.0.1-cp313-cp313-manylinux_2_5_i686.manylinux1_i686.manylinux_2_17_i686.manylinux2014_i686.whl", hash = "sha256:241c679c3b1913c0f7259cf1d9639bed5084c86d0051641d537a0980548aa266", size = 1960872 },
    { url = "https://files.pythonhosted.org/packages/40/36/cb3b7cdd651007b69f9c48e9d104cec7cb8dc53afa1d6a720e5ad08022fa/cytoolz-1.0.1-cp313-cp313-musllinux_1_2_aarch64.whl", hash = "sha256:5bfc860251a8f280ac79696fc3343cfc3a7c30b94199e0240b6c9e5b6b01a2a5", size = 2014430 },
    { url = "https://files.pythonhosted.org/packages/88/3f/2e9bd2a16cfd269808922147551dcb2d8b68ba54a2c4deca2fa6a6cd0d5f/cytoolz-1.0.1-cp313-cp313-musllinux_1_2_i686.whl", hash = "sha256:c8edd1547014050c1bdad3ff85d25c82bd1c2a3c96830c6181521eb78b9a42b3", size = 2003127 },
    { url = "https://files.pythonhosted.org/packages/c4/7d/08604ff940aa784df8343c387fdf2489b948b714a6afb587775ae94da912/cytoolz-1.0.1-cp313-cp313-musllinux_1_2_ppc64le.whl", hash = "sha256:b349bf6162e8de215403d7f35f8a9b4b1853dc2a48e6e1a609a5b1a16868b296", size = 2142369 },
    { url = "https://files.pythonhosted.org/packages/d2/c6/39919a0645bdbdf720e97cae107f959ea9d1267fbc3b0d94fc6e1d12ac8f/cytoolz-1.0.1-cp313-cp313-musllinux_1_2_s390x.whl", hash = "sha256:1b18b35256219b6c3dd0fa037741b85d0bea39c552eab0775816e85a52834140", size = 2180427 },
    { url = "https://files.pythonhosted.org/packages/d8/03/dbb9d47556ee54337e7e0ac209d17ceff2d2a197c34de08005abc7a7449b/cytoolz-1.0.1-cp313-cp313-musllinux_1_2_x86_64.whl", hash = "sha256:738b2350f340ff8af883eb301054eb724997f795d20d90daec7911c389d61581", size = 2069785 },
    { url = "https://files.pythonhosted.org/packages/ea/f8/11bb7b8947002231faae3ec2342df5896afbc19eb783a332cce6d219ff79/cytoolz-1.0.1-cp313-cp313-win32.whl", hash = "sha256:9cbd9c103df54fcca42be55ef40e7baea624ac30ee0b8bf1149f21146d1078d9", size = 320685 },
    { url = "https://files.pythonhosted.org/packages/40/eb/dde173cf2357084ca9423950be1f2f11ab11d65d8bd30165bfb8fd4213e9/cytoolz-1.0.1-cp313-cp313-win_amd64.whl", hash = "sha256:90e577e08d3a4308186d9e1ec06876d4756b1e8164b92971c69739ea17e15297", size = 362898 },
]

[[package]]
name = "data"
version = "0.1.0"
source = { virtual = "." }
dependencies = [
    { name = "eth-account" },
]

[package.metadata]
requires-dist = [{ name = "eth-account", specifier = ">=0.13.6" }]

[[package]]
name = "eth-abi"
version = "5.2.0"
source = { registry = "https://pypi.org/simple" }
dependencies = [
    { name = "eth-typing" },
    { name = "eth-utils" },
    { name = "parsimonious" },
]
sdist = { url = "https://files.pythonhosted.org/packages/00/71/d9e1380bd77fd22f98b534699af564f189b56d539cc2b9dab908d4e4c242/eth_abi-5.2.0.tar.gz", hash = "sha256:178703fa98c07d8eecd5ae569e7e8d159e493ebb6eeb534a8fe973fbc4e40ef0", size = 49797 }
wheels = [
    { url = "https://files.pythonhosted.org/packages/7a/b4/2f3982c4cbcbf5eeb6aec62df1533c0e63c653b3021ff338d44944405676/eth_abi-5.2.0-py3-none-any.whl", hash = "sha256:17abe47560ad753f18054f5b3089fcb588f3e3a092136a416b6c1502cb7e8877", size = 28511 },
]

[[package]]
name = "eth-account"
version = "0.13.6"
source = { registry = "https://pypi.org/simple" }
dependencies = [
    { name = "bitarray" },
    { name = "ckzg" },
    { name = "eth-abi" },
    { name = "eth-keyfile" },
    { name = "eth-keys" },
    { name = "eth-rlp" },
    { name = "eth-utils" },
    { name = "hexbytes" },
    { name = "pydantic" },
    { name = "rlp" },
]
sdist = { url = "https://files.pythonhosted.org/packages/5f/7c/d6746caf985a32dce946dca7a22aacc979a0796be9897ec870ab42856a81/eth_account-0.13.6.tar.gz", hash = "sha256:e496cc4c50fe4e22972f720fda4c13e126e5636d0274163888eb27f08530ac61", size = 7805555 }
wheels = [
    { url = "https://files.pythonhosted.org/packages/5c/c7/a1547b84df3a28d62e534525e777b8e43642018a79534ccf6aca2723853b/eth_account-0.13.6-py3-none-any.whl", hash = "sha256:27b8c86e134ab10adec5022b55c8005f9fbdccba8b99bd318e45aa56863e1416", size = 586960 },
]

[[package]]
name = "eth-hash"
version = "0.7.1"
source = { registry = "https://pypi.org/simple" }
sdist = { url = "https://files.pythonhosted.org/packages/ee/38/577b7bc9380ef9dff0f1dffefe0c9a1ded2385e7a06c306fd95afb6f9451/eth_hash-0.7.1.tar.gz", hash = "sha256:d2411a403a0b0a62e8247b4117932d900ffb4c8c64b15f92620547ca5ce46be5", size = 12227 }
wheels = [
    { url = "https://files.pythonhosted.org/packages/eb/db/f8775490669d28aca24871c67dd56b3e72105cb3bcae9a4ec65dd70859b3/eth_hash-0.7.1-py3-none-any.whl", hash = "sha256:0fb1add2adf99ef28883fd6228eb447ef519ea72933535ad1a0b28c6f65f868a", size = 8028 },
]

[[package]]
name = "eth-keyfile"
version = "0.8.1"
source = { registry = "https://pypi.org/simple" }
dependencies = [
    { name = "eth-keys" },
    { name = "eth-utils" },
    { name = "pycryptodome" },
]
sdist = { url = "https://files.pythonhosted.org/packages/35/66/dd823b1537befefbbff602e2ada88f1477c5b40ec3731e3d9bc676c5f716/eth_keyfile-0.8.1.tar.gz", hash = "sha256:9708bc31f386b52cca0969238ff35b1ac72bd7a7186f2a84b86110d3c973bec1", size = 12267 }
wheels = [
    { url = "https://files.pythonhosted.org/packages/88/fc/48a586175f847dd9e05e5b8994d2fe8336098781ec2e9836a2ad94280281/eth_keyfile-0.8.1-py3-none-any.whl", hash = "sha256:65387378b82fe7e86d7cb9f8d98e6d639142661b2f6f490629da09fddbef6d64", size = 7510 },
]

[[package]]
name = "eth-keys"
version = "0.6.1"
source = { registry = "https://pypi.org/simple" }
dependencies = [
    { name = "eth-typing" },
    { name = "eth-utils" },
]
sdist = { url = "https://files.pythonhosted.org/packages/ac/72/96db2e3d27c64d3e4a6bf1397447d029e4268fd70b0f1ee4192d6e8d75cd/eth_keys-0.6.1.tar.gz", hash = "sha256:a43e263cbcabfd62fa769168efc6c27b1f5603040e4de22bb84d12567e4fd962", size = 30090 }
wheels = [
    { url = "https://files.pythonhosted.org/packages/5f/67/c241c85e9cb9c4d8c14440dd82f7fbe39536592bf59c6b643004ac63eab2/eth_keys-0.6.1-py3-none-any.whl", hash = "sha256:7deae4cd56e862e099ec58b78176232b931c4ea5ecded2f50c7b1ccbc10c24cf", size = 21292 },
]

[[package]]
name = "eth-rlp"
version = "2.2.0"
source = { registry = "https://pypi.org/simple" }
dependencies = [
    { name = "eth-utils" },
    { name = "hexbytes" },
    { name = "rlp" },
]
sdist = { url = "https://files.pythonhosted.org/packages/7f/ea/ad39d001fa9fed07fad66edb00af701e29b48be0ed44a3bcf58cb3adf130/eth_rlp-2.2.0.tar.gz", hash = "sha256:5e4b2eb1b8213e303d6a232dfe35ab8c29e2d3051b86e8d359def80cd21db83d", size = 7720 }
wheels = [
    { url = "https://files.pythonhosted.org/packages/99/3b/57efe2bc2df0980680d57c01a36516cd3171d2319ceb30e675de19fc2cc5/eth_rlp-2.2.0-py3-none-any.whl", hash = "sha256:5692d595a741fbaef1203db6a2fedffbd2506d31455a6ad378c8449ee5985c47", size = 4446 },
]

[[package]]
name = "eth-typing"
version = "5.2.0"
source = { registry = "https://pypi.org/simple" }
dependencies = [
    { name = "typing-extensions" },
]
sdist = { url = "https://files.pythonhosted.org/packages/bd/4a/1faf216a53427ae9111524ebd139b99c0b93fb3dcadf0c972c3433055370/eth_typing-5.2.0.tar.gz", hash = "sha256:28685f7e2270ea0d209b75bdef76d8ecef27703e1a16399f6929820d05071c28", size = 21794 }
wheels = [
    { url = "https://files.pythonhosted.org/packages/3c/83/7b29c2cfde5d2131eac18c47692440465a61122ce28164b5f480c800e358/eth_typing-5.2.0-py3-none-any.whl", hash = "sha256:e1f424e97990fc3c6a1c05a7b0968caed4e20e9c99a4d5f4db3df418e25ddc80", size = 19120 },
]

[[package]]
name = "eth-utils"
version = "5.2.0"
source = { registry = "https://pypi.org/simple" }
dependencies = [
    { name = "cytoolz", marker = "implementation_name == 'cpython'" },
    { name = "eth-hash" },
    { name = "eth-typing" },
    { name = "toolz", marker = "implementation_name == 'pypy'" },
]
sdist = { url = "https://files.pythonhosted.org/packages/27/e9/f4210d19fa45a23b239017cd75b535d594d8945ef6afc4bb3ab9ee4ff269/eth_utils-5.2.0.tar.gz", hash = "sha256:17e474eb654df6e18f20797b22c6caabb77415a996b3ba0f3cc8df3437463134", size = 120366 }
wheels = [
    { url = "https://files.pythonhosted.org/packages/4f/88/e4e2cc869eaab9a830ac69f213d0609a4f5c5377cde10698cdef6ad2874e/eth_utils-5.2.0-py3-none-any.whl", hash = "sha256:4d43eeb6720e89a042ad5b28d4b2111630ae764f444b85cbafb708d7f076da10", size = 100516 },
]

[[package]]
name = "hexbytes"
version = "1.3.0"
source = { registry = "https://pypi.org/simple" }
sdist = { url = "https://files.pythonhosted.org/packages/83/71/1a3f2439cf138b555c182fffeffbf67c090837e4570370af85ee8e57013f/hexbytes-1.3.0.tar.gz", hash = "sha256:4a61840c24b0909a6534350e2d28ee50159ca1c9e89ce275fd31c110312cf684", size = 8200 }
wheels = [
    { url = "https://files.pythonhosted.org/packages/02/96/035871b535a728700d3cc5b94cf883706f345c5a088253f26f0bee0b7939/hexbytes-1.3.0-py3-none-any.whl", hash = "sha256:83720b529c6e15ed21627962938dc2dec9bb1010f17bbbd66bf1e6a8287d522c", size = 4902 },
]

[[package]]
name = "parsimonious"
version = "0.10.0"
source = { registry = "https://pypi.org/simple" }
dependencies = [
    { name = "regex" },
]
sdist = { url = "https://files.pythonhosted.org/packages/7b/91/abdc50c4ef06fdf8d047f60ee777ca9b2a7885e1a9cea81343fbecda52d7/parsimonious-0.10.0.tar.gz", hash = "sha256:8281600da180ec8ae35427a4ab4f7b82bfec1e3d1e52f80cb60ea82b9512501c", size = 52172 }
wheels = [
    { url = "https://files.pythonhosted.org/packages/aa/0f/c8b64d9b54ea631fcad4e9e3c8dbe8c11bb32a623be94f22974c88e71eaf/parsimonious-0.10.0-py3-none-any.whl", hash = "sha256:982ab435fabe86519b57f6b35610aa4e4e977e9f02a14353edf4bbc75369fc0f", size = 48427 },
]

[[package]]
name = "pycryptodome"
version = "3.22.0"
source = { registry = "https://pypi.org/simple" }
sdist = { url = "https://files.pythonhosted.org/packages/44/e6/099310419df5ada522ff34ffc2f1a48a11b37fc6a76f51a6854c182dbd3e/pycryptodome-3.22.0.tar.gz", hash = "sha256:fd7ab568b3ad7b77c908d7c3f7e167ec5a8f035c64ff74f10d47a4edd043d723", size = 4917300 }
wheels = [
    { url = "https://files.pythonhosted.org/packages/1f/65/a05831c3e4bcd1bf6c2a034e399f74b3d6f30bb4e37e36b9c310c09dc8c0/pycryptodome-3.22.0-cp37-abi3-macosx_10_9_universal2.whl", hash = "sha256:009e1c80eea42401a5bd5983c4bab8d516aef22e014a4705622e24e6d9d703c6", size = 2490637 },
    { url = "https://files.pythonhosted.org/packages/5c/76/ff3c2e7a60d17c080c4c6120ebaf60f38717cd387e77f84da4dcf7f64ff0/pycryptodome-3.22.0-cp37-abi3-macosx_10_9_x86_64.whl", hash = "sha256:3b76fa80daeff9519d7e9f6d9e40708f2fce36b9295a847f00624a08293f4f00", size = 1635372 },
    { url = "https://files.pythonhosted.org/packages/cc/7f/cc5d6da0dbc36acd978d80a72b228e33aadaec9c4f91c93221166d8bdc05/pycryptodome-3.22.0-cp37-abi3-manylinux_2_17_aarch64.manylinux2014_aarch64.whl", hash = "sha256:a31fa5914b255ab62aac9265654292ce0404f6b66540a065f538466474baedbc", size = 2177456 },
    { url = "https://files.pythonhosted.org/packages/92/65/35f5063e68790602d892ad36e35ac723147232a9084d1999630045c34593/pycryptodome-3.22.0-cp37-abi3-manylinux_2_17_x86_64.manylinux2014_x86_64.whl", hash = "sha256:a0092fd476701eeeb04df5cc509d8b739fa381583cda6a46ff0a60639b7cd70d", size = 2263744 },
    { url = "https://files.pythonhosted.org/packages/cc/67/46acdd35b1081c3dbc72dc466b1b95b80d2f64cad3520f994a9b6c5c7d00/pycryptodome-3.22.0-cp37-abi3-manylinux_2_5_i686.manylinux1_i686.manylinux_2_17_i686.manylinux2014_i686.whl", hash = "sha256:18d5b0ddc7cf69231736d778bd3ae2b3efb681ae33b64b0c92fb4626bb48bb89", size = 2303356 },
    { url = "https://files.pythonhosted.org/packages/3d/f9/a4f8a83384626098e3f55664519bec113002b9ef751887086ae63a53135a/pycryptodome-3.22.0-cp37-abi3-musllinux_1_2_aarch64.whl", hash = "sha256:f6cf6aa36fcf463e622d2165a5ad9963b2762bebae2f632d719dfb8544903cf5", size = 2176714 },
    { url = "https://files.pythonhosted.org/packages/88/65/e5f8c3a885f70a6e05c84844cd5542120576f4369158946e8cfc623a464d/pycryptodome-3.22.0-cp37-abi3-musllinux_1_2_i686.whl", hash = "sha256:aec7b40a7ea5af7c40f8837adf20a137d5e11a6eb202cde7e588a48fb2d871a8", size = 2337329 },
    { url = "https://files.pythonhosted.org/packages/b8/2a/25e0be2b509c28375c7f75c7e8d8d060773f2cce4856a1654276e3202339/pycryptodome-3.22.0-cp37-abi3-musllinux_1_2_x86_64.whl", hash = "sha256:d21c1eda2f42211f18a25db4eaf8056c94a8563cd39da3683f89fe0d881fb772", size = 2262255 },
    { url = "https://files.pythonhosted.org/packages/41/58/60917bc4bbd91712e53ce04daf237a74a0ad731383a01288130672994328/pycryptodome-3.22.0-cp37-abi3-win32.whl", hash = "sha256:f02baa9f5e35934c6e8dcec91fcde96612bdefef6e442813b8ea34e82c84bbfb", size = 1763403 },
    { url = "https://files.pythonhosted.org/packages/55/f4/244c621afcf7867e23f63cfd7a9630f14cfe946c9be7e566af6c3915bcde/pycryptodome-3.22.0-cp37-abi3-win_amd64.whl", hash = "sha256:d086aed307e96d40c23c42418cbbca22ecc0ab4a8a0e24f87932eeab26c08627", size = 1794568 },
]

[[package]]
name = "pydantic"
version = "2.11.1"
source = { registry = "https://pypi.org/simple" }
dependencies = [
    { name = "annotated-types" },
    { name = "pydantic-core" },
    { name = "typing-extensions" },
    { name = "typing-inspection" },
]
sdist = { url = "https://files.pythonhosted.org/packages/93/a3/698b87a4d4d303d7c5f62ea5fbf7a79cab236ccfbd0a17847b7f77f8163e/pydantic-2.11.1.tar.gz", hash = "sha256:442557d2910e75c991c39f4b4ab18963d57b9b55122c8b2a9cd176d8c29ce968", size = 782817 }
wheels = [
    { url = "https://files.pythonhosted.org/packages/cc/12/f9221a949f2419e2e23847303c002476c26fbcfd62dc7f3d25d0bec5ca99/pydantic-2.11.1-py3-none-any.whl", hash = "sha256:5b6c415eee9f8123a14d859be0c84363fec6b1feb6b688d6435801230b56e0b8", size = 442648 },
]

[[package]]
name = "pydantic-core"
version = "2.33.0"
source = { registry = "https://pypi.org/simple" }
dependencies = [
    { name = "typing-extensions" },
]
sdist = { url = "https://files.pythonhosted.org/packages/b9/05/91ce14dfd5a3a99555fce436318cc0fd1f08c4daa32b3248ad63669ea8b4/pydantic_core-2.33.0.tar.gz", hash = "sha256:40eb8af662ba409c3cbf4a8150ad32ae73514cd7cb1f1a2113af39763dd616b3", size = 434080 }
wheels = [
    { url = "https://files.pythonhosted.org/packages/79/20/de2ad03ce8f5b3accf2196ea9b44f31b0cd16ac6e8cfc6b21976ed45ec35/pydantic_core-2.33.0-cp313-cp313-macosx_10_12_x86_64.whl", hash = "sha256:f00e8b59e1fc8f09d05594aa7d2b726f1b277ca6155fc84c0396db1b373c4555", size = 2032214 },
    { url = "https://files.pythonhosted.org/packages/f9/af/6817dfda9aac4958d8b516cbb94af507eb171c997ea66453d4d162ae8948/pydantic_core-2.33.0-cp313-cp313-macosx_11_0_arm64.whl", hash = "sha256:1a73be93ecef45786d7d95b0c5e9b294faf35629d03d5b145b09b81258c7cd6d", size = 1852338 },
    { url = "https://files.pythonhosted.org/packages/44/f3/49193a312d9c49314f2b953fb55740b7c530710977cabe7183b8ef111b7f/pydantic_core-2.33.0-cp313-cp313-manylinux_2_17_aarch64.manylinux2014_aarch64.whl", hash = "sha256:ff48a55be9da6930254565ff5238d71d5e9cd8c5487a191cb85df3bdb8c77365", size = 1896913 },
    { url = "https://files.pythonhosted.org/packages/06/e0/c746677825b2e29a2fa02122a8991c83cdd5b4c5f638f0664d4e35edd4b2/pydantic_core-2.33.0-cp313-cp313-manylinux_2_17_armv7l.manylinux2014_armv7l.whl", hash = "sha256:26a4ea04195638dcd8c53dadb545d70badba51735b1594810e9768c2c0b4a5da", size = 1986046 },
    { url = "https://files.pythonhosted.org/packages/11/ec/44914e7ff78cef16afb5e5273d480c136725acd73d894affdbe2a1bbaad5/pydantic_core-2.33.0-cp313-cp313-manylinux_2_17_ppc64le.manylinux2014_ppc64le.whl", hash = "sha256:41d698dcbe12b60661f0632b543dbb119e6ba088103b364ff65e951610cb7ce0", size = 2128097 },
    { url = "https://files.pythonhosted.org/packages/fe/f5/c6247d424d01f605ed2e3802f338691cae17137cee6484dce9f1ac0b872b/pydantic_core-2.33.0-cp313-cp313-manylinux_2_17_s390x.manylinux2014_s390x.whl", hash = "sha256:ae62032ef513fe6281ef0009e30838a01057b832dc265da32c10469622613885", size = 2681062 },
    { url = "https://files.pythonhosted.org/packages/f0/85/114a2113b126fdd7cf9a9443b1b1fe1b572e5bd259d50ba9d5d3e1927fa9/pydantic_core-2.33.0-cp313-cp313-manylinux_2_17_x86_64.manylinux2014_x86_64.whl", hash = "sha256:f225f3a3995dbbc26affc191d0443c6c4aa71b83358fd4c2b7d63e2f6f0336f9", size = 2007487 },
    { url = "https://files.pythonhosted.org/packages/e6/40/3c05ed28d225c7a9acd2b34c5c8010c279683a870219b97e9f164a5a8af0/pydantic_core-2.33.0-cp313-cp313-manylinux_2_5_i686.manylinux1_i686.whl", hash = "sha256:5bdd36b362f419c78d09630cbaebc64913f66f62bda6d42d5fbb08da8cc4f181", size = 2121382 },
    { url = "https://files.pythonhosted.org/packages/8a/22/e70c086f41eebd323e6baa92cc906c3f38ddce7486007eb2bdb3b11c8f64/pydantic_core-2.33.0-cp313-cp313-musllinux_1_1_aarch64.whl", hash = "sha256:2a0147c0bef783fd9abc9f016d66edb6cac466dc54a17ec5f5ada08ff65caf5d", size = 2072473 },
    { url = "https://files.pythonhosted.org/packages/3e/84/d1614dedd8fe5114f6a0e348bcd1535f97d76c038d6102f271433cd1361d/pydantic_core-2.33.0-cp313-cp313-musllinux_1_1_armv7l.whl", hash = "sha256:c860773a0f205926172c6644c394e02c25421dc9a456deff16f64c0e299487d3", size = 2249468 },
    { url = "https://files.pythonhosted.org/packages/b0/c0/787061eef44135e00fddb4b56b387a06c303bfd3884a6df9bea5cb730230/pydantic_core-2.33.0-cp313-cp313-musllinux_1_1_x86_64.whl", hash = "sha256:138d31e3f90087f42aa6286fb640f3c7a8eb7bdae829418265e7e7474bd2574b", size = 2254716 },
    { url = "https://files.pythonhosted.org/packages/ae/e2/27262eb04963201e89f9c280f1e10c493a7a37bc877e023f31aa72d2f911/pydantic_core-2.33.0-cp313-cp313-win32.whl", hash = "sha256:d20cbb9d3e95114325780f3cfe990f3ecae24de7a2d75f978783878cce2ad585", size = 1916450 },
    { url = "https://files.pythonhosted.org/packages/13/8d/25ff96f1e89b19e0b70b3cd607c9ea7ca27e1dcb810a9cd4255ed6abf869/pydantic_core-2.33.0-cp313-cp313-win_amd64.whl", hash = "sha256:ca1103d70306489e3d006b0f79db8ca5dd3c977f6f13b2c59ff745249431a606", size = 1956092 },
    { url = "https://files.pythonhosted.org/packages/1b/64/66a2efeff657b04323ffcd7b898cb0354d36dae3a561049e092134a83e9c/pydantic_core-2.33.0-cp313-cp313-win_arm64.whl", hash = "sha256:6291797cad239285275558e0a27872da735b05c75d5237bbade8736f80e4c225", size = 1908367 },
    { url = "https://files.pythonhosted.org/packages/52/54/295e38769133363d7ec4a5863a4d579f331728c71a6644ff1024ee529315/pydantic_core-2.33.0-cp313-cp313t-macosx_11_0_arm64.whl", hash = "sha256:7b79af799630af263eca9ec87db519426d8c9b3be35016eddad1832bac812d87", size = 1813331 },
    { url = "https://files.pythonhosted.org/packages/4c/9c/0c8ea02db8d682aa1ef48938abae833c1d69bdfa6e5ec13b21734b01ae70/pydantic_core-2.33.0-cp313-cp313t-manylinux_2_17_x86_64.manylinux2014_x86_64.whl", hash = "sha256:eabf946a4739b5237f4f56d77fa6668263bc466d06a8036c055587c130a46f7b", size = 1986653 },
    { url = "https://files.pythonhosted.org/packages/8e/4f/3fb47d6cbc08c7e00f92300e64ba655428c05c56b8ab6723bd290bae6458/pydantic_core-2.33.0-cp313-cp313t-win_amd64.whl", hash = "sha256:8a1d581e8cdbb857b0e0e81df98603376c1a5c34dc5e54039dcc00f043df81e7", size = 1931234 },
]

[[package]]
name = "regex"
version = "2024.11.6"
source = { registry = "https://pypi.org/simple" }
sdist = { url = "https://files.pythonhosted.org/packages/8e/5f/bd69653fbfb76cf8604468d3b4ec4c403197144c7bfe0e6a5fc9e02a07cb/regex-2024.11.6.tar.gz", hash = "sha256:7ab159b063c52a0333c884e4679f8d7a85112ee3078fe3d9004b2dd875585519", size = 399494 }
wheels = [
    { url = "https://files.pythonhosted.org/packages/90/73/bcb0e36614601016552fa9344544a3a2ae1809dc1401b100eab02e772e1f/regex-2024.11.6-cp313-cp313-macosx_10_13_universal2.whl", hash = "sha256:a6ba92c0bcdf96cbf43a12c717eae4bc98325ca3730f6b130ffa2e3c3c723d84", size = 483525 },
    { url = "https://files.pythonhosted.org/packages/0f/3f/f1a082a46b31e25291d830b369b6b0c5576a6f7fb89d3053a354c24b8a83/regex-2024.11.6-cp313-cp313-macosx_10_13_x86_64.whl", hash = "sha256:525eab0b789891ac3be914d36893bdf972d483fe66551f79d3e27146191a37d4", size = 288324 },
    { url = "https://files.pythonhosted.org/packages/09/c9/4e68181a4a652fb3ef5099e077faf4fd2a694ea6e0f806a7737aff9e758a/regex-2024.11.6-cp313-cp313-macosx_11_0_arm64.whl", hash = "sha256:086a27a0b4ca227941700e0b31425e7a28ef1ae8e5e05a33826e17e47fbfdba0", size = 284617 },
    { url = "https://files.pythonhosted.org/packages/fc/fd/37868b75eaf63843165f1d2122ca6cb94bfc0271e4428cf58c0616786dce/regex-2024.11.6-cp313-cp313-manylinux_2_17_aarch64.manylinux2014_aarch64.whl", hash = "sha256:bde01f35767c4a7899b7eb6e823b125a64de314a8ee9791367c9a34d56af18d0", size = 795023 },
    { url = "https://files.pythonhosted.org/packages/c4/7c/d4cd9c528502a3dedb5c13c146e7a7a539a3853dc20209c8e75d9ba9d1b2/regex-2024.11.6-cp313-cp313-manylinux_2_17_ppc64le.manylinux2014_ppc64le.whl", hash = "sha256:b583904576650166b3d920d2bcce13971f6f9e9a396c673187f49811b2769dc7", size = 833072 },
    { url = "https://files.pythonhosted.org/packages/4f/db/46f563a08f969159c5a0f0e722260568425363bea43bb7ae370becb66a67/regex-2024.11.6-cp313-cp313-manylinux_2_17_s390x.manylinux2014_s390x.whl", hash = "sha256:1c4de13f06a0d54fa0d5ab1b7138bfa0d883220965a29616e3ea61b35d5f5fc7", size = 823130 },
    { url = "https://files.pythonhosted.org/packages/db/60/1eeca2074f5b87df394fccaa432ae3fc06c9c9bfa97c5051aed70e6e00c2/regex-2024.11.6-cp313-cp313-manylinux_2_17_x86_64.manylinux2014_x86_64.whl", hash = "sha256:3cde6e9f2580eb1665965ce9bf17ff4952f34f5b126beb509fee8f4e994f143c", size = 796857 },
    { url = "https://files.pythonhosted.org/packages/10/db/ac718a08fcee981554d2f7bb8402f1faa7e868c1345c16ab1ebec54b0d7b/regex-2024.11.6-cp313-cp313-manylinux_2_5_i686.manylinux1_i686.manylinux_2_17_i686.manylinux2014_i686.whl", hash = "sha256:0d7f453dca13f40a02b79636a339c5b62b670141e63efd511d3f8f73fba162b3", size = 784006 },
    { url = "https://files.pythonhosted.org/packages/c2/41/7da3fe70216cea93144bf12da2b87367590bcf07db97604edeea55dac9ad/regex-2024.11.6-cp313-cp313-musllinux_1_2_aarch64.whl", hash = "sha256:59dfe1ed21aea057a65c6b586afd2a945de04fc7db3de0a6e3ed5397ad491b07", size = 781650 },
    { url = "https://files.pythonhosted.org/packages/a7/d5/880921ee4eec393a4752e6ab9f0fe28009435417c3102fc413f3fe81c4e5/regex-2024.11.6-cp313-cp313-musllinux_1_2_i686.whl", hash = "sha256:b97c1e0bd37c5cd7902e65f410779d39eeda155800b65fc4d04cc432efa9bc6e", size = 789545 },
    { url = "https://files.pythonhosted.org/packages/dc/96/53770115e507081122beca8899ab7f5ae28ae790bfcc82b5e38976df6a77/regex-2024.11.6-cp313-cp313-musllinux_1_2_ppc64le.whl", hash = "sha256:f9d1e379028e0fc2ae3654bac3cbbef81bf3fd571272a42d56c24007979bafb6", size = 853045 },
    { url = "https://files.pythonhosted.org/packages/31/d3/1372add5251cc2d44b451bd94f43b2ec78e15a6e82bff6a290ef9fd8f00a/regex-2024.11.6-cp313-cp313-musllinux_1_2_s390x.whl", hash = "sha256:13291b39131e2d002a7940fb176e120bec5145f3aeb7621be6534e46251912c4", size = 860182 },
    { url = "https://files.pythonhosted.org/packages/ed/e3/c446a64984ea9f69982ba1a69d4658d5014bc7a0ea468a07e1a1265db6e2/regex-2024.11.6-cp313-cp313-musllinux_1_2_x86_64.whl", hash = "sha256:4f51f88c126370dcec4908576c5a627220da6c09d0bff31cfa89f2523843316d", size = 787733 },
    { url = "https://files.pythonhosted.org/packages/2b/f1/e40c8373e3480e4f29f2692bd21b3e05f296d3afebc7e5dcf21b9756ca1c/regex-2024.11.6-cp313-cp313-win32.whl", hash = "sha256:63b13cfd72e9601125027202cad74995ab26921d8cd935c25f09c630436348ff", size = 262122 },
    { url = "https://files.pythonhosted.org/packages/45/94/bc295babb3062a731f52621cdc992d123111282e291abaf23faa413443ea/regex-2024.11.6-cp313-cp313-win_amd64.whl", hash = "sha256:2b3361af3198667e99927da8b84c1b010752fa4b1115ee30beaa332cabc3ef1a", size = 273545 },
]

[[package]]
name = "rlp"
version = "4.1.0"
source = { registry = "https://pypi.org/simple" }
dependencies = [
    { name = "eth-utils" },
]
sdist = { url = "https://files.pythonhosted.org/packages/1b/2d/439b0728a92964a04d9c88ea1ca9ebb128893fbbd5834faa31f987f2fd4c/rlp-4.1.0.tar.gz", hash = "sha256:be07564270a96f3e225e2c107db263de96b5bc1f27722d2855bd3459a08e95a9", size = 33429 }
wheels = [
    { url = "https://files.pythonhosted.org/packages/99/fb/e4c0ced9893b84ac95b7181d69a9786ce5879aeb3bbbcbba80a164f85d6a/rlp-4.1.0-py3-none-any.whl", hash = "sha256:8eca394c579bad34ee0b937aecb96a57052ff3716e19c7a578883e767bc5da6f", size = 19973 },
]

[[package]]
name = "toolz"
version = "1.0.0"
source = { registry = "https://pypi.org/simple" }
sdist = { url = "https://files.pythonhosted.org/packages/8a/0b/d80dfa675bf592f636d1ea0b835eab4ec8df6e9415d8cfd766df54456123/toolz-1.0.0.tar.gz", hash = "sha256:2c86e3d9a04798ac556793bced838816296a2f085017664e4995cb40a1047a02", size = 66790 }
wheels = [
    { url = "https://files.pythonhosted.org/packages/03/98/eb27cc78ad3af8e302c9d8ff4977f5026676e130d28dd7578132a457170c/toolz-1.0.0-py3-none-any.whl", hash = "sha256:292c8f1c4e7516bf9086f8850935c799a874039c8bcf959d47b600e4c44a6236", size = 56383 },
]

[[package]]
name = "typing-extensions"
version = "4.13.0"
source = { registry = "https://pypi.org/simple" }
sdist = { url = "https://files.pythonhosted.org/packages/0e/3e/b00a62db91a83fff600de219b6ea9908e6918664899a2d85db222f4fbf19/typing_extensions-4.13.0.tar.gz", hash = "sha256:0a4ac55a5820789d87e297727d229866c9650f6521b64206413c4fbada24d95b", size = 106520 }
wheels = [
    { url = "https://files.pythonhosted.org/packages/e0/86/39b65d676ec5732de17b7e3c476e45bb80ec64eb50737a8dce1a4178aba1/typing_extensions-4.13.0-py3-none-any.whl", hash = "sha256:c8dd92cc0d6425a97c18fbb9d1954e5ff92c1ca881a309c45f06ebc0b79058e5", size = 45683 },
]

[[package]]
name = "typing-inspection"
version = "0.4.0"
source = { registry = "https://pypi.org/simple" }
dependencies = [
    { name = "typing-extensions" },
]
sdist = { url = "https://files.pythonhosted.org/packages/82/5c/e6082df02e215b846b4b8c0b887a64d7d08ffaba30605502639d44c06b82/typing_inspection-0.4.0.tar.gz", hash = "sha256:9765c87de36671694a67904bf2c96e395be9c6439bb6c87b5142569dcdd65122", size = 76222 }
wheels = [
    { url = "https://files.pythonhosted.org/packages/31/08/aa4fdfb71f7de5176385bd9e90852eaf6b5d622735020ad600f2bab54385/typing_inspection-0.4.0-py3-none-any.whl", hash = "sha256:50e72559fcd2a6367a19f7a7e610e6afcb9fac940c650290eed893d61386832f", size = 14125 },
]
